{
  "format_version": "1.2",
  "terraform_version": "1.5.6",
  "variables": {
    "create_vpc": {
      "value": true
    },
    "env": {
      "value": "PROd"
    },
    "region": {
      "value": "us-west-2"
    },
    "versioning": {
      "value": "Enabled"
    }
  },
  "planned_values": {
    "outputs": {
      "s3-Name": {
        "sensitive": false
      }
    },
    "root_module": {
      "resources": [
        {
          "address": "aws_kms_key.my_key",
          "mode": "managed",
          "type": "aws_kms_key",
          "name": "my_key",
          "provider_name": "registry.terraform.io/hashicorp/aws",
          "schema_version": 0,
          "values": {
            "bypass_policy_lockout_safety_check": false,
            "custom_key_store_id": null,
            "customer_master_key_spec": "SYMMETRIC_DEFAULT",
            "deletion_window_in_days": 10,
            "description": "This key is used to encrypt bucket objects",
            "enable_key_rotation": true,
            "is_enabled": true,
            "key_usage": "ENCRYPT_DECRYPT",
            "tags": null
          },
          "sensitive_values": {
            "tags_all": {}
          }
        },
        {
          "address": "aws_s3_bucket.backend[0]",
          "mode": "managed",
          "type": "aws_s3_bucket",
          "name": "backend",
          "index": 0,
          "provider_name": "registry.terraform.io/hashicorp/aws",
          "schema_version": 0,
          "values": {
            "force_destroy": false,
            "tags": {
              "Environment": "Dev",
              "Name": "My bucket"
            },
            "tags_all": {
              "Environment": "Dev",
              "Name": "My bucket"
            },
            "timeouts": null
          },
          "sensitive_values": {
            "cors_rule": [],
            "grant": [],
            "lifecycle_rule": [],
            "logging": [],
            "object_lock_configuration": [],
            "replication_configuration": [],
            "server_side_encryption_configuration": [],
            "tags": {},
            "tags_all": {},
            "versioning": [],
            "website": []
          }
        },
        {
          "address": "aws_s3_bucket_logging.example",
          "mode": "managed",
          "type": "aws_s3_bucket_logging",
          "name": "example",
          "provider_name": "registry.terraform.io/hashicorp/aws",
          "schema_version": 0,
          "values": {
            "expected_bucket_owner": null,
            "target_grant": [],
            "target_prefix": "log/"
          },
          "sensitive_values": {
            "target_grant": []
          }
        },
        {
          "address": "aws_s3_bucket_public_access_block.backend",
          "mode": "managed",
          "type": "aws_s3_bucket_public_access_block",
          "name": "backend",
          "provider_name": "registry.terraform.io/hashicorp/aws",
          "schema_version": 0,
          "values": {
            "block_public_acls": true,
            "block_public_policy": true,
            "ignore_public_acls": false,
            "restrict_public_buckets": true
          },
          "sensitive_values": {}
        },
        {
          "address": "aws_s3_bucket_server_side_encryption_configuration.example",
          "mode": "managed",
          "type": "aws_s3_bucket_server_side_encryption_configuration",
          "name": "example",
          "provider_name": "registry.terraform.io/hashicorp/aws",
          "schema_version": 0,
          "values": {
            "expected_bucket_owner": null,
            "rule": [
              {
                "apply_server_side_encryption_by_default": [
                  {
                    "sse_algorithm": "aws:kms"
                  }
                ],
                "bucket_key_enabled": null
              }
            ]
          },
          "sensitive_values": {
            "rule": [
              {
                "apply_server_side_encryption_by_default": [
                  {}
                ]
              }
            ]
          }
        },
        {
          "address": "aws_s3_bucket_versioning.versioning_example",
          "mode": "managed",
          "type": "aws_s3_bucket_versioning",
          "name": "versioning_example",
          "provider_name": "registry.terraform.io/hashicorp/aws",
          "schema_version": 0,
          "values": {
            "expected_bucket_owner": null,
            "mfa": null,
            "versioning_configuration": [
              {
                "status": "Enabled"
              }
            ]
          },
          "sensitive_values": {
            "versioning_configuration": [
              {}
            ]
          }
        },
        {
          "address": "random_integer.backend",
          "mode": "managed",
          "type": "random_integer",
          "name": "backend",
          "provider_name": "registry.terraform.io/hashicorp/random",
          "schema_version": 0,
          "values": {
            "keepers": {
              "Environment": "PROd"
            },
            "max": 100,
            "min": 1,
            "seed": null
          },
          "sensitive_values": {
            "keepers": {}
          }
        }
      ]
    }
  },
  "resource_changes": [
    {
      "address": "aws_kms_key.my_key",
      "mode": "managed",
      "type": "aws_kms_key",
      "name": "my_key",
      "provider_name": "registry.terraform.io/hashicorp/aws",
      "change": {
        "actions": [
          "create"
        ],
        "before": null,
        "after": {
          "bypass_policy_lockout_safety_check": false,
          "custom_key_store_id": null,
          "customer_master_key_spec": "SYMMETRIC_DEFAULT",
          "deletion_window_in_days": 10,
          "description": "This key is used to encrypt bucket objects",
          "enable_key_rotation": true,
          "is_enabled": true,
          "key_usage": "ENCRYPT_DECRYPT",
          "tags": null
        },
        "after_unknown": {
          "arn": true,
          "id": true,
          "key_id": true,
          "multi_region": true,
          "policy": true,
          "tags_all": true
        },
        "before_sensitive": false,
        "after_sensitive": {
          "tags_all": {}
        }
      }
    },
    {
      "address": "aws_s3_bucket.backend[0]",
      "mode": "managed",
      "type": "aws_s3_bucket",
      "name": "backend",
      "index": 0,
      "provider_name": "registry.terraform.io/hashicorp/aws",
      "change": {
        "actions": [
          "create"
        ],
        "before": null,
        "after": {
          "force_destroy": false,
          "tags": {
            "Environment": "Dev",
            "Name": "My bucket"
          },
          "tags_all": {
            "Environment": "Dev",
            "Name": "My bucket"
          },
          "timeouts": null
        },
        "after_unknown": {
          "acceleration_status": true,
          "acl": true,
          "arn": true,
          "bucket": true,
          "bucket_domain_name": true,
          "bucket_prefix": true,
          "bucket_regional_domain_name": true,
          "cors_rule": true,
          "grant": true,
          "hosted_zone_id": true,
          "id": true,
          "lifecycle_rule": true,
          "logging": true,
          "object_lock_configuration": true,
          "object_lock_enabled": true,
          "policy": true,
          "region": true,
          "replication_configuration": true,
          "request_payer": true,
          "server_side_encryption_configuration": true,
          "tags": {},
          "tags_all": {},
          "versioning": true,
          "website": true,
          "website_domain": true,
          "website_endpoint": true
        },
        "before_sensitive": false,
        "after_sensitive": {
          "cors_rule": [],
          "grant": [],
          "lifecycle_rule": [],
          "logging": [],
          "object_lock_configuration": [],
          "replication_configuration": [],
          "server_side_encryption_configuration": [],
          "tags": {},
          "tags_all": {},
          "versioning": [],
          "website": []
        }
      }
    },
    {
      "address": "aws_s3_bucket_logging.example",
      "mode": "managed",
      "type": "aws_s3_bucket_logging",
      "name": "example",
      "provider_name": "registry.terraform.io/hashicorp/aws",
      "change": {
        "actions": [
          "create"
        ],
        "before": null,
        "after": {
          "expected_bucket_owner": null,
          "target_grant": [],
          "target_prefix": "log/"
        },
        "after_unknown": {
          "bucket": true,
          "id": true,
          "target_bucket": true,
          "target_grant": []
        },
        "before_sensitive": false,
        "after_sensitive": {
          "target_grant": []
        }
      }
    },
    {
      "address": "aws_s3_bucket_public_access_block.backend",
      "mode": "managed",
      "type": "aws_s3_bucket_public_access_block",
      "name": "backend",
      "provider_name": "registry.terraform.io/hashicorp/aws",
      "change": {
        "actions": [
          "create"
        ],
        "before": null,
        "after": {
          "block_public_acls": true,
          "block_public_policy": true,
          "ignore_public_acls": false,
          "restrict_public_buckets": true
        },
        "after_unknown": {
          "bucket": true,
          "id": true
        },
        "before_sensitive": false,
        "after_sensitive": {}
      }
    },
    {
      "address": "aws_s3_bucket_server_side_encryption_configuration.example",
      "mode": "managed",
      "type": "aws_s3_bucket_server_side_encryption_configuration",
      "name": "example",
      "provider_name": "registry.terraform.io/hashicorp/aws",
      "change": {
        "actions": [
          "create"
        ],
        "before": null,
        "after": {
          "expected_bucket_owner": null,
          "rule": [
            {
              "apply_server_side_encryption_by_default": [
                {
                  "sse_algorithm": "aws:kms"
                }
              ],
              "bucket_key_enabled": null
            }
          ]
        },
        "after_unknown": {
          "bucket": true,
          "id": true,
          "rule": [
            {
              "apply_server_side_encryption_by_default": [
                {
                  "kms_master_key_id": true
                }
              ]
            }
          ]
        },
        "before_sensitive": false,
        "after_sensitive": {
          "rule": [
            {
              "apply_server_side_encryption_by_default": [
                {}
              ]
            }
          ]
        }
      }
    },
    {
      "address": "aws_s3_bucket_versioning.versioning_example",
      "mode": "managed",
      "type": "aws_s3_bucket_versioning",
      "name": "versioning_example",
      "provider_name": "registry.terraform.io/hashicorp/aws",
      "change": {
        "actions": [
          "create"
        ],
        "before": null,
        "after": {
          "expected_bucket_owner": null,
          "mfa": null,
          "versioning_configuration": [
            {
              "status": "Enabled"
            }
          ]
        },
        "after_unknown": {
          "bucket": true,
          "id": true,
          "versioning_configuration": [
            {
              "mfa_delete": true
            }
          ]
        },
        "before_sensitive": false,
        "after_sensitive": {
          "versioning_configuration": [
            {}
          ]
        }
      }
    },
    {
      "address": "random_integer.backend",
      "mode": "managed",
      "type": "random_integer",
      "name": "backend",
      "provider_name": "registry.terraform.io/hashicorp/random",
      "change": {
        "actions": [
          "create"
        ],
        "before": null,
        "after": {
          "keepers": {
            "Environment": "PROd"
          },
          "max": 100,
          "min": 1,
          "seed": null
        },
        "after_unknown": {
          "id": true,
          "keepers": {},
          "result": true
        },
        "before_sensitive": false,
        "after_sensitive": {
          "keepers": {}
        }
      }
    }
  ],
  "output_changes": {
    "s3-Name": {
      "actions": [
        "create"
      ],
      "before": null,
      "after_unknown": true,
      "before_sensitive": false,
      "after_sensitive": false
    }
  },
  "configuration": {
    "provider_config": {
      "aws": {
        "name": "aws",
        "full_name": "registry.terraform.io/hashicorp/aws"
      },
      "random": {
        "name": "random",
        "full_name": "registry.terraform.io/hashicorp/random"
      }
    },
    "root_module": {
      "outputs": {
        "s3-Name": {
          "expression": {
            "references": [
              "aws_s3_bucket.backend[0].bucket",
              "aws_s3_bucket.backend[0]",
              "aws_s3_bucket.backend"
            ]
          }
        }
      },
      "resources": [
        {
          "address": "aws_kms_key.my_key",
          "mode": "managed",
          "type": "aws_kms_key",
          "name": "my_key",
          "provider_config_key": "aws",
          "expressions": {
            "bypass_policy_lockout_safety_check": {
              "constant_value": false
            },
            "customer_master_key_spec": {
              "constant_value": "SYMMETRIC_DEFAULT"
            },
            "deletion_window_in_days": {
              "constant_value": 10
            },
            "description": {
              "constant_value": "This key is used to encrypt bucket objects"
            },
            "enable_key_rotation": {
              "constant_value": true
            },
            "is_enabled": {
              "constant_value": true
            },
            "key_usage": {
              "constant_value": "ENCRYPT_DECRYPT"
            },
            "tags": {
              "constant_value": null
            }
          },
          "schema_version": 0
        },
        {
          "address": "aws_s3_bucket.backend",
          "mode": "managed",
          "type": "aws_s3_bucket",
          "name": "backend",
          "provider_config_key": "aws",
          "expressions": {
            "bucket": {
              "references": [
                "var.env",
                "random_integer.backend.result",
                "random_integer.backend"
              ]
            },
            "tags": {
              "constant_value": {
                "Environment": "Dev",
                "Name": "My bucket"
              }
            }
          },
          "schema_version": 0,
          "count_expression": {
            "references": [
              "var.create_vpc"
            ]
          }
        },
        {
          "address": "aws_s3_bucket_logging.example",
          "mode": "managed",
          "type": "aws_s3_bucket_logging",
          "name": "example",
          "provider_config_key": "aws",
          "expressions": {
            "bucket": {
              "references": [
                "aws_s3_bucket.backend[0].id",
                "aws_s3_bucket.backend[0]",
                "aws_s3_bucket.backend"
              ]
            },
            "target_bucket": {
              "references": [
                "aws_s3_bucket.backend[0].id",
                "aws_s3_bucket.backend[0]",
                "aws_s3_bucket.backend"
              ]
            },
            "target_prefix": {
              "constant_value": "log/"
            }
          },
          "schema_version": 0
        },
        {
          "address": "aws_s3_bucket_public_access_block.backend",
          "mode": "managed",
          "type": "aws_s3_bucket_public_access_block",
          "name": "backend",
          "provider_config_key": "aws",
          "expressions": {
            "block_public_acls": {
              "constant_value": true
            },
            "block_public_policy": {
              "constant_value": true
            },
            "bucket": {
              "references": [
                "aws_s3_bucket.backend[0].id",
                "aws_s3_bucket.backend[0]",
                "aws_s3_bucket.backend"
              ]
            },
            "ignore_public_acls": {
              "constant_value": false
            },
            "restrict_public_buckets": {
              "constant_value": true
            }
          },
          "schema_version": 0
        },
        {
          "address": "aws_s3_bucket_server_side_encryption_configuration.example",
          "mode": "managed",
          "type": "aws_s3_bucket_server_side_encryption_configuration",
          "name": "example",
          "provider_config_key": "aws",
          "expressions": {
            "bucket": {
              "references": [
                "aws_s3_bucket.backend[0].id",
                "aws_s3_bucket.backend[0]",
                "aws_s3_bucket.backend"
              ]
            },
            "rule": [
              {
                "apply_server_side_encryption_by_default": [
                  {
                    "kms_master_key_id": {
                      "references": [
                        "aws_kms_key.my_key.arn",
                        "aws_kms_key.my_key"
                      ]
                    },
                    "sse_algorithm": {
                      "constant_value": "aws:kms"
                    }
                  }
                ]
              }
            ]
          },
          "schema_version": 0
        },
        {
          "address": "aws_s3_bucket_versioning.versioning_example",
          "mode": "managed",
          "type": "aws_s3_bucket_versioning",
          "name": "versioning_example",
          "provider_config_key": "aws",
          "expressions": {
            "bucket": {
              "references": [
                "aws_s3_bucket.backend[0].id",
                "aws_s3_bucket.backend[0]",
                "aws_s3_bucket.backend"
              ]
            },
            "versioning_configuration": [
              {
                "status": {
                  "references": [
                    "var.versioning"
                  ]
                }
              }
            ]
          },
          "schema_version": 0
        },
        {
          "address": "random_integer.backend",
          "mode": "managed",
          "type": "random_integer",
          "name": "backend",
          "provider_config_key": "random",
          "expressions": {
            "keepers": {
              "references": [
                "var.env"
              ]
            },
            "max": {
              "constant_value": 100
            },
            "min": {
              "constant_value": 1
            }
          },
          "schema_version": 0
        }
      ],
      "variables": {
        "create_vpc": {
          "default": true
        },
        "env": {
          "default": "PROd"
        },
        "region": {
          "default": "us-west-2"
        },
        "versioning": {
          "default": "Enabled"
        }
      }
    }
  },
  "relevant_attributes": [
    {
      "resource": "aws_s3_bucket.backend[0]",
      "attribute": [
        "bucket"
      ]
    },
    {
      "resource": "random_integer.backend",
      "attribute": [
        "result"
      ]
    },
    {
      "resource": "aws_s3_bucket.backend[0]",
      "attribute": [
        "id"
      ]
    },
    {
      "resource": "aws_kms_key.my_key",
      "attribute": [
        "arn"
      ]
    }
  ],
  "timestamp": "2023-10-02T03:12:42Z"
}
